
Microsoft Visual Studio Solution File, Format Version 12.00
Project("{FAE04EC0-301F-11D3-BF4B-00C04F79EFBC}") = "Agent", "Agent\Agent.csproj", "{118137BE-F6DB-4F58-9DB6-E6C58A1EF5F5}"
EndProject
Project("{FAE04EC0-301F-11D3-BF4B-00C04F79EFBC}") = "Domain", "Domain\Domain.csproj", "{B9ADC0BE-BA3C-4801-8504-72AE7DD676D5}"
EndProject
Project("{FAE04EC0-301F-11D3-BF4B-00C04F79EFBC}") = "Infrastructure", "Infrastructure\Infrastructure.csproj", "{5AFB053A-224F-4BD4-8E41-BE6CDECEF173}"
EndProject
Project("{FAE04EC0-301F-11D3-BF4B-00C04F79EFBC}") = "Tests", "Tests\Tests.csproj", "{517655C8-77C1-402F-B388-54627A283EA8}"
EndProject
Project("{E53339B2-1760-4266-BCC7-CA923CBCF16C}") = "docker-compose", "DockerCompose\docker-compose.dcproj", "{26C686D5-2D38-43DC-BD8E-1EC4C99E6FD4}"
EndProject
Project("{FAE04EC0-301F-11D3-BF4B-00C04F79EFBC}") = "McpServerLibrary", "McpServerLibrary\McpServerLibrary.csproj", "{36232CD3-6F30-4C22-BA67-CDF2C57928CF}"
EndProject
Project("{FAE04EC0-301F-11D3-BF4B-00C04F79EFBC}") = "McpServerCommandRunner", "McpServerCommandRunner\McpServerCommandRunner.csproj", "{B5966AD0-2CE8-4D27-94AD-A16992A2651F}"
EndProject
Project("{FAE04EC0-301F-11D3-BF4B-00C04F79EFBC}") = "McpServerText", "McpServerText\McpServerText.csproj", "{6F5FD9DA-D77F-4980-8336-91C76FA64519}"
EndProject
Project("{FAE04EC0-301F-11D3-BF4B-00C04F79EFBC}") = "McpServerWebSearch", "McpServerWebSearch\McpServerWebSearch.csproj", "{85ADD74C-5092-4F18-BCA4-D71A5B118F9B}"
EndProject
Project("{FAE04EC0-301F-11D3-BF4B-00C04F79EFBC}") = "McpServerMemory", "McpServerMemory\McpServerMemory.csproj", "{1469671B-6A80-44AD-ABBC-4C3A2C5B009A}"
EndProject
Project("{FAE04EC0-301F-11D3-BF4B-00C04F79EFBC}") = "McpServerIdealista", "McpServerIdealista\McpServerIdealista.csproj", "{ED117933-3A0F-470B-B1CC-0F72600508E9}"
EndProject
Project("{FAE04EC0-301F-11D3-BF4B-00C04F79EFBC}") = "WebChat", "WebChat\WebChat.csproj", "{241775B4-F2C6-441A-8464-A879B3E53275}"
EndProject
Project("{FAE04EC0-301F-11D3-BF4B-00C04F79EFBC}") = "WebChat.Client", "WebChat.Client\WebChat.Client.csproj", "{EA854E2F-6BC7-4873-B596-07AB0CA69C3F}"
EndProject
Project("{2150E333-8FDC-42A3-9474-1A3956D46DE8}") = "SolutionItems", "SolutionItems", "{CEA54A5E-A859-4DC5-98D2-6AFED4ED40BB}"
	ProjectSection(SolutionItems) = preProject
		CLAUDE.md = CLAUDE.md
		docs = docs
		README.md = README.md
		LICENSE = LICENSE
	EndProjectSection
EndProject
Global
	GlobalSection(SolutionConfigurationPlatforms) = preSolution
		Debug|Any CPU = Debug|Any CPU
		Debug|x64 = Debug|x64
		Debug|x86 = Debug|x86
		Release|Any CPU = Release|Any CPU
		Release|x64 = Release|x64
		Release|x86 = Release|x86
	EndGlobalSection
	GlobalSection(ProjectConfigurationPlatforms) = postSolution
		{118137BE-F6DB-4F58-9DB6-E6C58A1EF5F5}.Debug|Any CPU.ActiveCfg = Debug|Any CPU
		{118137BE-F6DB-4F58-9DB6-E6C58A1EF5F5}.Debug|Any CPU.Build.0 = Debug|Any CPU
		{118137BE-F6DB-4F58-9DB6-E6C58A1EF5F5}.Debug|x64.ActiveCfg = Debug|Any CPU
		{118137BE-F6DB-4F58-9DB6-E6C58A1EF5F5}.Debug|x64.Build.0 = Debug|Any CPU
		{118137BE-F6DB-4F58-9DB6-E6C58A1EF5F5}.Debug|x86.ActiveCfg = Debug|Any CPU
		{118137BE-F6DB-4F58-9DB6-E6C58A1EF5F5}.Debug|x86.Build.0 = Debug|Any CPU
		{118137BE-F6DB-4F58-9DB6-E6C58A1EF5F5}.Release|Any CPU.ActiveCfg = Release|Any CPU
		{118137BE-F6DB-4F58-9DB6-E6C58A1EF5F5}.Release|Any CPU.Build.0 = Release|Any CPU
		{118137BE-F6DB-4F58-9DB6-E6C58A1EF5F5}.Release|x64.ActiveCfg = Release|Any CPU
		{118137BE-F6DB-4F58-9DB6-E6C58A1EF5F5}.Release|x64.Build.0 = Release|Any CPU
		{118137BE-F6DB-4F58-9DB6-E6C58A1EF5F5}.Release|x86.ActiveCfg = Release|Any CPU
		{118137BE-F6DB-4F58-9DB6-E6C58A1EF5F5}.Release|x86.Build.0 = Release|Any CPU
		{B9ADC0BE-BA3C-4801-8504-72AE7DD676D5}.Debug|Any CPU.ActiveCfg = Debug|Any CPU
		{B9ADC0BE-BA3C-4801-8504-72AE7DD676D5}.Debug|Any CPU.Build.0 = Debug|Any CPU
		{B9ADC0BE-BA3C-4801-8504-72AE7DD676D5}.Debug|x64.ActiveCfg = Debug|Any CPU
		{B9ADC0BE-BA3C-4801-8504-72AE7DD676D5}.Debug|x64.Build.0 = Debug|Any CPU
		{B9ADC0BE-BA3C-4801-8504-72AE7DD676D5}.Debug|x86.ActiveCfg = Debug|Any CPU
		{B9ADC0BE-BA3C-4801-8504-72AE7DD676D5}.Debug|x86.Build.0 = Debug|Any CPU
		{B9ADC0BE-BA3C-4801-8504-72AE7DD676D5}.Release|Any CPU.ActiveCfg = Release|Any CPU
		{B9ADC0BE-BA3C-4801-8504-72AE7DD676D5}.Release|Any CPU.Build.0 = Release|Any CPU
		{B9ADC0BE-BA3C-4801-8504-72AE7DD676D5}.Release|x64.ActiveCfg = Release|Any CPU
		{B9ADC0BE-BA3C-4801-8504-72AE7DD676D5}.Release|x64.Build.0 = Release|Any CPU
		{B9ADC0BE-BA3C-4801-8504-72AE7DD676D5}.Release|x86.ActiveCfg = Release|Any CPU
		{B9ADC0BE-BA3C-4801-8504-72AE7DD676D5}.Release|x86.Build.0 = Release|Any CPU
		{5AFB053A-224F-4BD4-8E41-BE6CDECEF173}.Debug|Any CPU.ActiveCfg = Debug|Any CPU
		{5AFB053A-224F-4BD4-8E41-BE6CDECEF173}.Debug|Any CPU.Build.0 = Debug|Any CPU
		{5AFB053A-224F-4BD4-8E41-BE6CDECEF173}.Debug|x64.ActiveCfg = Debug|Any CPU
		{5AFB053A-224F-4BD4-8E41-BE6CDECEF173}.Debug|x64.Build.0 = Debug|Any CPU
		{5AFB053A-224F-4BD4-8E41-BE6CDECEF173}.Debug|x86.ActiveCfg = Debug|Any CPU
		{5AFB053A-224F-4BD4-8E41-BE6CDECEF173}.Debug|x86.Build.0 = Debug|Any CPU
		{5AFB053A-224F-4BD4-8E41-BE6CDECEF173}.Release|Any CPU.ActiveCfg = Release|Any CPU
		{5AFB053A-224F-4BD4-8E41-BE6CDECEF173}.Release|Any CPU.Build.0 = Release|Any CPU
		{5AFB053A-224F-4BD4-8E41-BE6CDECEF173}.Release|x64.ActiveCfg = Release|Any CPU
		{5AFB053A-224F-4BD4-8E41-BE6CDECEF173}.Release|x64.Build.0 = Release|Any CPU
		{5AFB053A-224F-4BD4-8E41-BE6CDECEF173}.Release|x86.ActiveCfg = Release|Any CPU
		{5AFB053A-224F-4BD4-8E41-BE6CDECEF173}.Release|x86.Build.0 = Release|Any CPU
		{517655C8-77C1-402F-B388-54627A283EA8}.Debug|Any CPU.ActiveCfg = Debug|Any CPU
		{517655C8-77C1-402F-B388-54627A283EA8}.Debug|Any CPU.Build.0 = Debug|Any CPU
		{517655C8-77C1-402F-B388-54627A283EA8}.Debug|x64.ActiveCfg = Debug|Any CPU
		{517655C8-77C1-402F-B388-54627A283EA8}.Debug|x64.Build.0 = Debug|Any CPU
		{517655C8-77C1-402F-B388-54627A283EA8}.Debug|x86.ActiveCfg = Debug|Any CPU
		{517655C8-77C1-402F-B388-54627A283EA8}.Debug|x86.Build.0 = Debug|Any CPU
		{517655C8-77C1-402F-B388-54627A283EA8}.Release|Any CPU.ActiveCfg = Release|Any CPU
		{517655C8-77C1-402F-B388-54627A283EA8}.Release|Any CPU.Build.0 = Release|Any CPU
		{517655C8-77C1-402F-B388-54627A283EA8}.Release|x64.ActiveCfg = Release|Any CPU
		{517655C8-77C1-402F-B388-54627A283EA8}.Release|x64.Build.0 = Release|Any CPU
		{517655C8-77C1-402F-B388-54627A283EA8}.Release|x86.ActiveCfg = Release|Any CPU
		{517655C8-77C1-402F-B388-54627A283EA8}.Release|x86.Build.0 = Release|Any CPU
		{36232CD3-6F30-4C22-BA67-CDF2C57928CF}.Debug|Any CPU.ActiveCfg = Debug|Any CPU
		{36232CD3-6F30-4C22-BA67-CDF2C57928CF}.Debug|Any CPU.Build.0 = Debug|Any CPU
		{36232CD3-6F30-4C22-BA67-CDF2C57928CF}.Debug|x64.ActiveCfg = Debug|Any CPU
		{36232CD3-6F30-4C22-BA67-CDF2C57928CF}.Debug|x64.Build.0 = Debug|Any CPU
		{36232CD3-6F30-4C22-BA67-CDF2C57928CF}.Debug|x86.ActiveCfg = Debug|Any CPU
		{36232CD3-6F30-4C22-BA67-CDF2C57928CF}.Debug|x86.Build.0 = Debug|Any CPU
		{36232CD3-6F30-4C22-BA67-CDF2C57928CF}.Release|Any CPU.ActiveCfg = Release|Any CPU
		{36232CD3-6F30-4C22-BA67-CDF2C57928CF}.Release|Any CPU.Build.0 = Release|Any CPU
		{36232CD3-6F30-4C22-BA67-CDF2C57928CF}.Release|x64.ActiveCfg = Release|Any CPU
		{36232CD3-6F30-4C22-BA67-CDF2C57928CF}.Release|x64.Build.0 = Release|Any CPU
		{36232CD3-6F30-4C22-BA67-CDF2C57928CF}.Release|x86.ActiveCfg = Release|Any CPU
		{36232CD3-6F30-4C22-BA67-CDF2C57928CF}.Release|x86.Build.0 = Release|Any CPU
		{B5966AD0-2CE8-4D27-94AD-A16992A2651F}.Debug|Any CPU.ActiveCfg = Debug|Any CPU
		{B5966AD0-2CE8-4D27-94AD-A16992A2651F}.Debug|Any CPU.Build.0 = Debug|Any CPU
		{B5966AD0-2CE8-4D27-94AD-A16992A2651F}.Debug|x64.ActiveCfg = Debug|Any CPU
		{B5966AD0-2CE8-4D27-94AD-A16992A2651F}.Debug|x64.Build.0 = Debug|Any CPU
		{B5966AD0-2CE8-4D27-94AD-A16992A2651F}.Debug|x86.ActiveCfg = Debug|Any CPU
		{B5966AD0-2CE8-4D27-94AD-A16992A2651F}.Debug|x86.Build.0 = Debug|Any CPU
		{B5966AD0-2CE8-4D27-94AD-A16992A2651F}.Release|Any CPU.ActiveCfg = Release|Any CPU
		{B5966AD0-2CE8-4D27-94AD-A16992A2651F}.Release|Any CPU.Build.0 = Release|Any CPU
		{B5966AD0-2CE8-4D27-94AD-A16992A2651F}.Release|x64.ActiveCfg = Release|Any CPU
		{B5966AD0-2CE8-4D27-94AD-A16992A2651F}.Release|x64.Build.0 = Release|Any CPU
		{B5966AD0-2CE8-4D27-94AD-A16992A2651F}.Release|x86.ActiveCfg = Release|Any CPU
		{B5966AD0-2CE8-4D27-94AD-A16992A2651F}.Release|x86.Build.0 = Release|Any CPU
		{6F5FD9DA-D77F-4980-8336-91C76FA64519}.Debug|Any CPU.ActiveCfg = Debug|Any CPU
		{6F5FD9DA-D77F-4980-8336-91C76FA64519}.Debug|Any CPU.Build.0 = Debug|Any CPU
		{6F5FD9DA-D77F-4980-8336-91C76FA64519}.Debug|x64.ActiveCfg = Debug|Any CPU
		{6F5FD9DA-D77F-4980-8336-91C76FA64519}.Debug|x64.Build.0 = Debug|Any CPU
		{6F5FD9DA-D77F-4980-8336-91C76FA64519}.Debug|x86.ActiveCfg = Debug|Any CPU
		{6F5FD9DA-D77F-4980-8336-91C76FA64519}.Debug|x86.Build.0 = Debug|Any CPU
		{6F5FD9DA-D77F-4980-8336-91C76FA64519}.Release|Any CPU.ActiveCfg = Release|Any CPU
		{6F5FD9DA-D77F-4980-8336-91C76FA64519}.Release|Any CPU.Build.0 = Release|Any CPU
		{6F5FD9DA-D77F-4980-8336-91C76FA64519}.Release|x64.ActiveCfg = Release|Any CPU
		{6F5FD9DA-D77F-4980-8336-91C76FA64519}.Release|x64.Build.0 = Release|Any CPU
		{6F5FD9DA-D77F-4980-8336-91C76FA64519}.Release|x86.ActiveCfg = Release|Any CPU
		{6F5FD9DA-D77F-4980-8336-91C76FA64519}.Release|x86.Build.0 = Release|Any CPU
		{85ADD74C-5092-4F18-BCA4-D71A5B118F9B}.Debug|Any CPU.ActiveCfg = Debug|Any CPU
		{85ADD74C-5092-4F18-BCA4-D71A5B118F9B}.Debug|Any CPU.Build.0 = Debug|Any CPU
		{85ADD74C-5092-4F18-BCA4-D71A5B118F9B}.Debug|x64.ActiveCfg = Debug|Any CPU
		{85ADD74C-5092-4F18-BCA4-D71A5B118F9B}.Debug|x64.Build.0 = Debug|Any CPU
		{85ADD74C-5092-4F18-BCA4-D71A5B118F9B}.Debug|x86.ActiveCfg = Debug|Any CPU
		{85ADD74C-5092-4F18-BCA4-D71A5B118F9B}.Debug|x86.Build.0 = Debug|Any CPU
		{85ADD74C-5092-4F18-BCA4-D71A5B118F9B}.Release|Any CPU.ActiveCfg = Release|Any CPU
		{85ADD74C-5092-4F18-BCA4-D71A5B118F9B}.Release|Any CPU.Build.0 = Release|Any CPU
		{85ADD74C-5092-4F18-BCA4-D71A5B118F9B}.Release|x64.ActiveCfg = Release|Any CPU
		{85ADD74C-5092-4F18-BCA4-D71A5B118F9B}.Release|x64.Build.0 = Release|Any CPU
		{85ADD74C-5092-4F18-BCA4-D71A5B118F9B}.Release|x86.ActiveCfg = Release|Any CPU
		{85ADD74C-5092-4F18-BCA4-D71A5B118F9B}.Release|x86.Build.0 = Release|Any CPU
		{1469671B-6A80-44AD-ABBC-4C3A2C5B009A}.Debug|Any CPU.ActiveCfg = Debug|Any CPU
		{1469671B-6A80-44AD-ABBC-4C3A2C5B009A}.Debug|Any CPU.Build.0 = Debug|Any CPU
		{1469671B-6A80-44AD-ABBC-4C3A2C5B009A}.Debug|x64.ActiveCfg = Debug|Any CPU
		{1469671B-6A80-44AD-ABBC-4C3A2C5B009A}.Debug|x64.Build.0 = Debug|Any CPU
		{1469671B-6A80-44AD-ABBC-4C3A2C5B009A}.Debug|x86.ActiveCfg = Debug|Any CPU
		{1469671B-6A80-44AD-ABBC-4C3A2C5B009A}.Debug|x86.Build.0 = Debug|Any CPU
		{1469671B-6A80-44AD-ABBC-4C3A2C5B009A}.Release|Any CPU.ActiveCfg = Release|Any CPU
		{1469671B-6A80-44AD-ABBC-4C3A2C5B009A}.Release|Any CPU.Build.0 = Release|Any CPU
		{1469671B-6A80-44AD-ABBC-4C3A2C5B009A}.Release|x64.ActiveCfg = Release|Any CPU
		{1469671B-6A80-44AD-ABBC-4C3A2C5B009A}.Release|x64.Build.0 = Release|Any CPU
		{1469671B-6A80-44AD-ABBC-4C3A2C5B009A}.Release|x86.ActiveCfg = Release|Any CPU
		{1469671B-6A80-44AD-ABBC-4C3A2C5B009A}.Release|x86.Build.0 = Release|Any CPU
		{ED117933-3A0F-470B-B1CC-0F72600508E9}.Debug|Any CPU.ActiveCfg = Debug|Any CPU
		{ED117933-3A0F-470B-B1CC-0F72600508E9}.Debug|Any CPU.Build.0 = Debug|Any CPU
		{ED117933-3A0F-470B-B1CC-0F72600508E9}.Debug|x64.ActiveCfg = Debug|Any CPU
		{ED117933-3A0F-470B-B1CC-0F72600508E9}.Debug|x64.Build.0 = Debug|Any CPU
		{ED117933-3A0F-470B-B1CC-0F72600508E9}.Debug|x86.ActiveCfg = Debug|Any CPU
		{ED117933-3A0F-470B-B1CC-0F72600508E9}.Debug|x86.Build.0 = Debug|Any CPU
		{ED117933-3A0F-470B-B1CC-0F72600508E9}.Release|Any CPU.ActiveCfg = Release|Any CPU
		{ED117933-3A0F-470B-B1CC-0F72600508E9}.Release|Any CPU.Build.0 = Release|Any CPU
		{ED117933-3A0F-470B-B1CC-0F72600508E9}.Release|x64.ActiveCfg = Release|Any CPU
		{ED117933-3A0F-470B-B1CC-0F72600508E9}.Release|x64.Build.0 = Release|Any CPU
		{ED117933-3A0F-470B-B1CC-0F72600508E9}.Release|x86.ActiveCfg = Release|Any CPU
		{ED117933-3A0F-470B-B1CC-0F72600508E9}.Release|x86.Build.0 = Release|Any CPU
		{241775B4-F2C6-441A-8464-A879B3E53275}.Debug|Any CPU.ActiveCfg = Debug|Any CPU
		{241775B4-F2C6-441A-8464-A879B3E53275}.Debug|Any CPU.Build.0 = Debug|Any CPU
		{241775B4-F2C6-441A-8464-A879B3E53275}.Debug|x64.ActiveCfg = Debug|Any CPU
		{241775B4-F2C6-441A-8464-A879B3E53275}.Debug|x64.Build.0 = Debug|Any CPU
		{241775B4-F2C6-441A-8464-A879B3E53275}.Debug|x86.ActiveCfg = Debug|Any CPU
		{241775B4-F2C6-441A-8464-A879B3E53275}.Debug|x86.Build.0 = Debug|Any CPU
		{241775B4-F2C6-441A-8464-A879B3E53275}.Release|Any CPU.ActiveCfg = Release|Any CPU
		{241775B4-F2C6-441A-8464-A879B3E53275}.Release|Any CPU.Build.0 = Release|Any CPU
		{241775B4-F2C6-441A-8464-A879B3E53275}.Release|x64.ActiveCfg = Release|Any CPU
		{241775B4-F2C6-441A-8464-A879B3E53275}.Release|x64.Build.0 = Release|Any CPU
		{241775B4-F2C6-441A-8464-A879B3E53275}.Release|x86.ActiveCfg = Release|Any CPU
		{241775B4-F2C6-441A-8464-A879B3E53275}.Release|x86.Build.0 = Release|Any CPU
		{EA854E2F-6BC7-4873-B596-07AB0CA69C3F}.Debug|Any CPU.ActiveCfg = Debug|Any CPU
		{EA854E2F-6BC7-4873-B596-07AB0CA69C3F}.Debug|Any CPU.Build.0 = Debug|Any CPU
		{EA854E2F-6BC7-4873-B596-07AB0CA69C3F}.Debug|x64.ActiveCfg = Debug|Any CPU
		{EA854E2F-6BC7-4873-B596-07AB0CA69C3F}.Debug|x64.Build.0 = Debug|Any CPU
		{EA854E2F-6BC7-4873-B596-07AB0CA69C3F}.Debug|x86.ActiveCfg = Debug|Any CPU
		{EA854E2F-6BC7-4873-B596-07AB0CA69C3F}.Debug|x86.Build.0 = Debug|Any CPU
		{EA854E2F-6BC7-4873-B596-07AB0CA69C3F}.Release|Any CPU.ActiveCfg = Release|Any CPU
		{EA854E2F-6BC7-4873-B596-07AB0CA69C3F}.Release|Any CPU.Build.0 = Release|Any CPU
		{EA854E2F-6BC7-4873-B596-07AB0CA69C3F}.Release|x64.ActiveCfg = Release|Any CPU
		{EA854E2F-6BC7-4873-B596-07AB0CA69C3F}.Release|x64.Build.0 = Release|Any CPU
		{EA854E2F-6BC7-4873-B596-07AB0CA69C3F}.Release|x86.ActiveCfg = Release|Any CPU
		{EA854E2F-6BC7-4873-B596-07AB0CA69C3F}.Release|x86.Build.0 = Release|Any CPU
	EndGlobalSection
	GlobalSection(SolutionProperties) = preSolution
		HideSolutionNode = FALSE
	EndGlobalSection
	GlobalSection(RiderSharedRunConfigurations) = postSolution
		File = .run-docker-compose\docker-compose.run.xml
	EndGlobalSection
EndGlobal
