
Microsoft Visual Studio Solution File, Format Version 12.00
Project("{FAE04EC0-301F-11D3-BF4B-00C04F79EFBC}") = "Jack", "Jack\Jack.csproj", "{118137BE-F6DB-4F58-9DB6-E6C58A1EF5F5}"
EndProject
Project("{FAE04EC0-301F-11D3-BF4B-00C04F79EFBC}") = "Domain", "Domain\Domain.csproj", "{B9ADC0BE-BA3C-4801-8504-72AE7DD676D5}"
EndProject
Project("{FAE04EC0-301F-11D3-BF4B-00C04F79EFBC}") = "Infrastructure", "Infrastructure\Infrastructure.csproj", "{5AFB053A-224F-4BD4-8E41-BE6CDECEF173}"
EndProject
Project("{FAE04EC0-301F-11D3-BF4B-00C04F79EFBC}") = "Tests", "Tests\Tests.csproj", "{517655C8-77C1-402F-B388-54627A283EA8}"
EndProject
Project("{E53339B2-1760-4266-BCC7-CA923CBCF16C}") = "docker-compose", "DockerCompose\docker-compose.dcproj", "{26C686D5-2D38-43DC-BD8E-1EC4C99E6FD4}"
EndProject
Project("{FAE04EC0-301F-11D3-BF4B-00C04F79EFBC}") = "McpServer.Download", "McpServer.Download\McpServer.Download.csproj", "{36232CD3-6F30-4C22-BA67-CDF2C57928CF}"
EndProject
Project("{FAE04EC0-301F-11D3-BF4B-00C04F79EFBC}") = "McpServer.Organize", "McpServer.Organize\McpServer.Organize.csproj", "{90556BBB-6524-4B98-932C-2EC2A52E73AA}"
EndProject
Project("{FAE04EC0-301F-11D3-BF4B-00C04F79EFBC}") = "McpServer.CommandRunner", "McpServer.CommandRunner\McpServer.CommandRunner.csproj", "{B5966AD0-2CE8-4D27-94AD-A16992A2651F}"
EndProject
Global
	GlobalSection(SolutionConfigurationPlatforms) = preSolution
		Debug|Any CPU = Debug|Any CPU
		Release|Any CPU = Release|Any CPU
	EndGlobalSection
	GlobalSection(ProjectConfigurationPlatforms) = postSolution
		{118137BE-F6DB-4F58-9DB6-E6C58A1EF5F5}.Debug|Any CPU.ActiveCfg = Debug|Any CPU
		{118137BE-F6DB-4F58-9DB6-E6C58A1EF5F5}.Debug|Any CPU.Build.0 = Debug|Any CPU
		{118137BE-F6DB-4F58-9DB6-E6C58A1EF5F5}.Release|Any CPU.ActiveCfg = Release|Any CPU
		{118137BE-F6DB-4F58-9DB6-E6C58A1EF5F5}.Release|Any CPU.Build.0 = Release|Any CPU
		{B9ADC0BE-BA3C-4801-8504-72AE7DD676D5}.Debug|Any CPU.ActiveCfg = Debug|Any CPU
		{B9ADC0BE-BA3C-4801-8504-72AE7DD676D5}.Debug|Any CPU.Build.0 = Debug|Any CPU
		{B9ADC0BE-BA3C-4801-8504-72AE7DD676D5}.Release|Any CPU.ActiveCfg = Release|Any CPU
		{B9ADC0BE-BA3C-4801-8504-72AE7DD676D5}.Release|Any CPU.Build.0 = Release|Any CPU
		{5AFB053A-224F-4BD4-8E41-BE6CDECEF173}.Debug|Any CPU.ActiveCfg = Debug|Any CPU
		{5AFB053A-224F-4BD4-8E41-BE6CDECEF173}.Debug|Any CPU.Build.0 = Debug|Any CPU
		{5AFB053A-224F-4BD4-8E41-BE6CDECEF173}.Release|Any CPU.ActiveCfg = Release|Any CPU
		{5AFB053A-224F-4BD4-8E41-BE6CDECEF173}.Release|Any CPU.Build.0 = Release|Any CPU
		{517655C8-77C1-402F-B388-54627A283EA8}.Debug|Any CPU.ActiveCfg = Debug|Any CPU
		{517655C8-77C1-402F-B388-54627A283EA8}.Debug|Any CPU.Build.0 = Debug|Any CPU
		{517655C8-77C1-402F-B388-54627A283EA8}.Release|Any CPU.ActiveCfg = Release|Any CPU
		{517655C8-77C1-402F-B388-54627A283EA8}.Release|Any CPU.Build.0 = Release|Any CPU
		{36232CD3-6F30-4C22-BA67-CDF2C57928CF}.Debug|Any CPU.ActiveCfg = Debug|Any CPU
		{36232CD3-6F30-4C22-BA67-CDF2C57928CF}.Debug|Any CPU.Build.0 = Debug|Any CPU
		{36232CD3-6F30-4C22-BA67-CDF2C57928CF}.Release|Any CPU.ActiveCfg = Release|Any CPU
		{36232CD3-6F30-4C22-BA67-CDF2C57928CF}.Release|Any CPU.Build.0 = Release|Any CPU
		{90556BBB-6524-4B98-932C-2EC2A52E73AA}.Debug|Any CPU.ActiveCfg = Debug|Any CPU
		{90556BBB-6524-4B98-932C-2EC2A52E73AA}.Debug|Any CPU.Build.0 = Debug|Any CPU
		{90556BBB-6524-4B98-932C-2EC2A52E73AA}.Release|Any CPU.ActiveCfg = Release|Any CPU
		{90556BBB-6524-4B98-932C-2EC2A52E73AA}.Release|Any CPU.Build.0 = Release|Any CPU
		{B5966AD0-2CE8-4D27-94AD-A16992A2651F}.Debug|Any CPU.ActiveCfg = Debug|Any CPU
		{B5966AD0-2CE8-4D27-94AD-A16992A2651F}.Debug|Any CPU.Build.0 = Debug|Any CPU
		{B5966AD0-2CE8-4D27-94AD-A16992A2651F}.Release|Any CPU.ActiveCfg = Release|Any CPU
		{B5966AD0-2CE8-4D27-94AD-A16992A2651F}.Release|Any CPU.Build.0 = Release|Any CPU
	EndGlobalSection
	GlobalSection(RiderSharedRunConfigurations) = postSolution
		File = .run-agent\Agent.run.xml
		File = .run-docker-compose\docker-compose.run.xml
	EndGlobalSection
EndGlobal
